
Microsoft Visual Studio Solution File, Format Version 12.00
# Visual Studio Version 16
VisualStudioVersion = 16.0.33423.256
MinimumVisualStudioVersion = 10.0.40219.1
Project("{888888A0-9F3D-457C-B088-3A5042F75D52}") = "Reverse", "Reverse.pyproj", "{20AFB3E4-E923-4A13-94BF-52C4DB250ED6}"
EndProject
Global
	GlobalSection(SolutionConfigurationPlatforms) = preSolution
		Debug|Any CPU = Debug|Any CPU
		Release|Any CPU = Release|Any CPU
	EndGlobalSection
	GlobalSection(ProjectConfigurationPlatforms) = postSolution
		{20AFB3E4-E923-4A13-94BF-52C4DB250ED6}.Debug|Any CPU.ActiveCfg = Debug|Any CPU
		{20AFB3E4-E923-4A13-94BF-52C4DB250ED6}.Release|Any CPU.ActiveCfg = Release|Any CPU
	EndGlobalSection
	GlobalSection(SolutionProperties) = preSolution
		HideSolutionNode = FALSE
	EndGlobalSection
	GlobalSection(ExtensibilityGlobals) = postSolution
		SolutionGuid = {96514908-A638-46C2-B5E2-32B18F4EB089}
	EndGlobalSection
EndGlobal
